// !$*UTF8*$!
{
	archiveVersion = 1;
	classes = {
	};
	objectVersion = 46;
	objects = {

/* Begin PBXBuildFile section */
		17C63C3960B67A2C672D6F16 /* Pods_abc.framework in Frameworks */ = {isa = PBXBuildFile; fileRef = 7FDA69D1809BD344FCF6A86F /* Pods_abc.framework */; };
		8180FCD81EE835C7006DC52B /* 01.jpeg in Resources */ = {isa = PBXBuildFile; fileRef = 8180FCD71EE835C7006DC52B /* 01.jpeg */; };
		8180FCDA1EE83ABF006DC52B /* 下載.jpeg in Resources */ = {isa = PBXBuildFile; fileRef = 8180FCD91EE83ABF006DC52B /* 下載.jpeg */; };
		8180FCDE1EE83CE8006DC52B /* abc.txt in Resources */ = {isa = PBXBuildFile; fileRef = 8180FCDD1EE83CE8006DC52B /* abc.txt */; };
		81B2FB241EE82AF100489523 /* AppDelegate.swift in Sources */ = {isa = PBXBuildFile; fileRef = 81B2FB231EE82AF100489523 /* AppDelegate.swift */; };
		81B2FB261EE82AF100489523 /* ViewController.swift in Sources */ = {isa = PBXBuildFile; fileRef = 81B2FB251EE82AF100489523 /* ViewController.swift */; };
		81B2FB291EE82AF100489523 /* Main.storyboard in Resources */ = {isa = PBXBuildFile; fileRef = 81B2FB271EE82AF100489523 /* Main.storyboard */; };
		81B2FB2B1EE82AF100489523 /* Assets.xcassets in Resources */ = {isa = PBXBuildFile; fileRef = 81B2FB2A1EE82AF100489523 /* Assets.xcassets */; };
		81B2FB2E1EE82AF100489523 /* LaunchScreen.storyboard in Resources */ = {isa = PBXBuildFile; fileRef = 81B2FB2C1EE82AF100489523 /* LaunchScreen.storyboard */; };
/* End PBXBuildFile section */

/* Begin PBXFileReference section */
		0BA63DCBA0C535E440534462 /* Pods-abc.debug.xcconfig */ = {isa = PBXFileReference; includeInIndex = 1; lastKnownFileType = text.xcconfig; name = "Pods-abc.debug.xcconfig"; path = "Pods/Target Support Files/Pods-abc/Pods-abc.debug.xcconfig"; sourceTree = "<group>"; };
		4676097AAC731A11A40C5F77 /* Pods-abc.release.xcconfig */ = {isa = PBXFileReference; includeInIndex = 1; lastKnownFileType = text.xcconfig; name = "Pods-abc.release.xcconfig"; path = "Pods/Target Support Files/Pods-abc/Pods-abc.release.xcconfig"; sourceTree = "<group>"; };
		7FDA69D1809BD344FCF6A86F /* Pods_abc.framework */ = {isa = PBXFileReference; explicitFileType = wrapper.framework; includeInIndex = 0; path = Pods_abc.framework; sourceTree = BUILT_PRODUCTS_DIR; };
		8180FCD71EE835C7006DC52B /* 01.jpeg */ = {isa = PBXFileReference; lastKnownFileType = image.jpeg; path = 01.jpeg; sourceTree = "<group>"; };
		8180FCD91EE83ABF006DC52B /* 下載.jpeg */ = {isa = PBXFileReference; lastKnownFileType = image.jpeg; path = "下載.jpeg"; sourceTree = "<group>"; };
		8180FCDD1EE83CE8006DC52B /* abc.txt */ = {isa = PBXFileReference; fileEncoding = 4; lastKnownFileType = text; path = abc.txt; sourceTree = "<group>"; };
		81B2FB201EE82AF100489523 /* abc.app */ = {isa = PBXFileReference; explicitFileType = wrapper.application; includeInIndex = 0; path = abc.app; sourceTree = BUILT_PRODUCTS_DIR; };
		81B2FB231EE82AF100489523 /* AppDelegate.swift */ = {isa = PBXFileReference; lastKnownFileType = sourcecode.swift; path = AppDelegate.swift; sourceTree = "<group>"; };
		81B2FB251EE82AF100489523 /* ViewController.swift */ = {isa = PBXFileReference; lastKnownFileType = sourcecode.swift; path = ViewController.swift; sourceTree = "<group>"; };
		81B2FB281EE82AF100489523 /* Base */ = {isa = PBXFileReference; lastKnownFileType = file.storyboard; name = Base; path = Base.lproj/Main.storyboard; sourceTree = "<group>"; };
		81B2FB2A1EE82AF100489523 /* Assets.xcassets */ = {isa = PBXFileReference; lastKnownFileType = folder.assetcatalog; path = Assets.xcassets; sourceTree = "<group>"; };
		81B2FB2D1EE82AF100489523 /* Base */ = {isa = PBXFileReference; lastKnownFileType = file.storyboard; name = Base; path = Base.lproj/LaunchScreen.storyboard; sourceTree = "<group>"; };
		81B2FB2F1EE82AF100489523 /* Info.plist */ = {isa = PBXFileReference; lastKnownFileType = text.plist.xml; path = Info.plist; sourceTree = "<group>"; };
/* End PBXFileReference section */

/* Begin PBXFrameworksBuildPhase section */
		81B2FB1D1EE82AF100489523 /* Frameworks */ = {
			isa = PBXFrameworksBuildPhase;
			buildActionMask = 2147483647;
			files = (
				17C63C3960B67A2C672D6F16 /* Pods_abc.framework in Frameworks */,
			);
			runOnlyForDeploymentPostprocessing = 0;
		};
/* End PBXFrameworksBuildPhase section */

/* Begin PBXGroup section */
		61F833E678C81158B61BA54A /* Frameworks */ = {
			isa = PBXGroup;
			children = (
				7FDA69D1809BD344FCF6A86F /* Pods_abc.framework */,
			);
			name = Frameworks;
			sourceTree = "<group>";
		};
		81B2FB171EE82AF100489523 = {
			isa = PBXGroup;
			children = (
				81B2FB221EE82AF100489523 /* abc */,
				81B2FB211EE82AF100489523 /* Products */,
				C47A3BDECCB2E46C01D3D9CB /* Pods */,
				61F833E678C81158B61BA54A /* Frameworks */,
			);
			sourceTree = "<group>";
		};
		81B2FB211EE82AF100489523 /* Products */ = {
			isa = PBXGroup;
			children = (
				81B2FB201EE82AF100489523 /* abc.app */,
			);
			name = Products;
			sourceTree = "<group>";
		};
		81B2FB221EE82AF100489523 /* abc */ = {
			isa = PBXGroup;
			children = (
				8180FCD91EE83ABF006DC52B /* 下載.jpeg */,
				8180FCD71EE835C7006DC52B /* 01.jpeg */,
				81B2FB231EE82AF100489523 /* AppDelegate.swift */,
				81B2FB251EE82AF100489523 /* ViewController.swift */,
				81B2FB271EE82AF100489523 /* Main.storyboard */,
				81B2FB2A1EE82AF100489523 /* Assets.xcassets */,
				81B2FB2C1EE82AF100489523 /* LaunchScreen.storyboard */,
				81B2FB2F1EE82AF100489523 /* Info.plist */,
				8180FCDD1EE83CE8006DC52B /* abc.txt */,
			);
			path = abc;
			sourceTree = "<group>";
		};
		C47A3BDECCB2E46C01D3D9CB /* Pods */ = {
			isa = PBXGroup;
			children = (
				0BA63DCBA0C535E440534462 /* Pods-abc.debug.xcconfig */,
				4676097AAC731A11A40C5F77 /* Pods-abc.release.xcconfig */,
			);
			name = Pods;
			sourceTree = "<group>";
		};
/* End PBXGroup section */

/* Begin PBXNativeTarget section */
		81B2FB1F1EE82AF100489523 /* abc */ = {
			isa = PBXNativeTarget;
			buildConfigurationList = 81B2FB321EE82AF100489523 /* Build configuration list for PBXNativeTarget "abc" */;
			buildPhases = (
				CC20105F81A64543849631E3 /* [CP] Check Pods Manifest.lock */,
				81B2FB1C1EE82AF100489523 /* Sources */,
				81B2FB1D1EE82AF100489523 /* Frameworks */,
				81B2FB1E1EE82AF100489523 /* Resources */,
				A416D469B79DBE6F30E459DE /* [CP] Embed Pods Frameworks */,
				00BD52FCD7890422631883EE /* [CP] Copy Pods Resources */,
			);
			buildRules = (
			);
			dependencies = (
			);
			name = abc;
			productName = abc;
			productReference = 81B2FB201EE82AF100489523 /* abc.app */;
			productType = "com.apple.product-type.application";
		};
/* End PBXNativeTarget section */

/* Begin PBXProject section */
		81B2FB181EE82AF100489523 /* Project object */ = {
			isa = PBXProject;
			attributes = {
				LastSwiftUpdateCheck = 0820;
				LastUpgradeCheck = 0820;
				ORGANIZATIONNAME = pcschool.com;
				TargetAttributes = {
					81B2FB1F1EE82AF100489523 = {
						CreatedOnToolsVersion = 8.2.1;
						ProvisioningStyle = Automatic;
					};
				};
			};
			buildConfigurationList = 81B2FB1B1EE82AF100489523 /* Build configuration list for PBXProject "abc" */;
			compatibilityVersion = "Xcode 3.2";
			developmentRegion = English;
			hasScannedForEncodings = 0;
			knownRegions = (
				en,
				Base,
			);
			mainGroup = 81B2FB171EE82AF100489523;
			productRefGroup = 81B2FB211EE82AF100489523 /* Products */;
			projectDirPath = "";
			projectRoot = "";
			targets = (
				81B2FB1F1EE82AF100489523 /* abc */,
			);
		};
/* End PBXProject section */

/* Begin PBXResourcesBuildPhase section */
		81B2FB1E1EE82AF100489523 /* Resources */ = {
			isa = PBXResourcesBuildPhase;
			buildActionMask = 2147483647;
			files = (
				8180FCD81EE835C7006DC52B /* 01.jpeg in Resources */,
				81B2FB2E1EE82AF100489523 /* LaunchScreen.storyboard in Resources */,
				8180FCDE1EE83CE8006DC52B /* abc.txt in Resources */,
				8180FCDA1EE83ABF006DC52B /* 下載.jpeg in Resources */,
				81B2FB2B1EE82AF100489523 /* Assets.xcassets in Resources */,
				81B2FB291EE82AF100489523 /* Main.storyboard in Resources */,
			);
			runOnlyForDeploymentPostprocessing = 0;
		};
/* End PBXResourcesBuildPhase section */

/* Begin PBXShellScriptBuildPhase section */
		00BD52FCD7890422631883EE /* [CP] Copy Pods Resources */ = {
			isa = PBXShellScriptBuildPhase;
			buildActionMask = 2147483647;
			files = (
			);
			inputPaths = (
			);
			name = "[CP] Copy Pods Resources";
			outputPaths = (
			);
			runOnlyForDeploymentPostprocessing = 0;
			shellPath = /bin/sh;
			shellScript = "\"${SRCROOT}/Pods/Target Support Files/Pods-abc/Pods-abc-resources.sh\"\n";
			showEnvVarsInLog = 0;
		};
		A416D469B79DBE6F30E459DE /* [CP] Embed Pods Frameworks */ = {
			isa = PBXShellScriptBuildPhase;
			buildActionMask = 2147483647;
			files = (
			);
			inputPaths = (
			);
			name = "[CP] Embed Pods Frameworks";
			outputPaths = (
			);
			runOnlyForDeploymentPostprocessing = 0;
			shellPath = /bin/sh;
			shellScript = "\"${SRCROOT}/Pods/Target Support Files/Pods-abc/Pods-abc-frameworks.sh\"\n";
			showEnvVarsInLog = 0;
		};
		CC20105F81A64543849631E3 /* [CP] Check Pods Manifest.lock */ = {
			isa = PBXShellScriptBuildPhase;
			buildActionMask = 2147483647;
			files = (
			);
			inputPaths = (
			);
			name = "[CP] Check Pods Manifest.lock";
			outputPaths = (
			);
			runOnlyForDeploymentPostprocessing = 0;
			shellPath = /bin/sh;
			shellScript = "diff \"${PODS_PODFILE_DIR_PATH}/Podfile.lock\" \"${PODS_ROOT}/Manifest.lock\" > /dev/null\nif [ $? != 0 ] ; then\n    # print error to STDERR\n    echo \"error: The sandbox is not in sync with the Podfile.lock. Run 'pod install' or update your CocoaPods installation.\" >&2\n    exit 1\nfi\n";
			showEnvVarsInLog = 0;
		};
/* End PBXShellScriptBuildPhase section */

/* Begin PBXSourcesBuildPhase section */
		81B2FB1C1EE82AF100489523 /* Sources */ = {
			isa = PBXSourcesBuildPhase;
			buildActionMask = 2147483647;
			files = (
				81B2FB261EE82AF100489523 /* ViewController.swift in Sources */,
				81B2FB241EE82AF100489523 /* AppDelegate.swift in Sources */,
			);
			runOnlyForDeploymentPostprocessing = 0;
		};
/* End PBXSourcesBuildPhase section */

/* Begin PBXVariantGroup section */
		81B2FB271EE82AF100489523 /* Main.storyboard */ = {
			isa = PBXVariantGroup;
			children = (
				81B2FB281EE82AF100489523 /* Base */,
			);
			name = Main.storyboard;
			sourceTree = "<group>";
		};
		81B2FB2C1EE82AF100489523 /* LaunchScreen.storyboard */ = {
			isa = PBXVariantGroup;
			children = (
				81B2FB2D1EE82AF100489523 /* Base */,
			);
			name = LaunchScreen.storyboard;
			sourceTree = "<group>";
		};
/* End PBXVariantGroup section */

/* Begin XCBuildConfiguration section */
		81B2FB301EE82AF100489523 /* Debug */ = {
			isa = XCBuildConfiguration;
			buildSettings = {
				ALWAYS_SEARCH_USER_PATHS = NO;
				CLANG_ANALYZER_NONNULL = YES;
				CLANG_CXX_LANGUAGE_STANDARD = "gnu++0x";
				CLANG_CXX_LIBRARY = "libc++";
				CLANG_ENABLE_MODULES = YES;
				CLANG_ENABLE_OBJC_ARC = YES;
				CLANG_WARN_BOOL_CONVERSION = YES;
				CLANG_WARN_CONSTANT_CONVERSION = YES;
				CLANG_WARN_DIRECT_OBJC_ISA_USAGE = YES_ERROR;
				CLANG_WARN_DOCUMENTATION_COMMENTS = YES;
				CLANG_WARN_EMPTY_BODY = YES;
				CLANG_WARN_ENUM_CONVERSION = YES;
				CLANG_WARN_INFINITE_RECURSION = YES;
				CLANG_WARN_INT_CONVERSION = YES;
				CLANG_WARN_OBJC_ROOT_CLASS = YES_ERROR;
				CLANG_WARN_SUSPICIOUS_MOVE = YES;
				CLANG_WARN_UNREACHABLE_CODE = YES;
				CLANG_WARN__DUPLICATE_METHOD_MATCH = YES;
				"CODE_SIGN_IDENTITY[sdk=iphoneos*]" = "iPhone Developer";
				COPY_PHASE_STRIP = NO;
				DEBUG_INFORMATION_FORMAT = dwarf;
				ENABLE_STRICT_OBJC_MSGSEND = YES;
				ENABLE_TESTABILITY = YES;
				GCC_C_LANGUAGE_STANDARD = gnu99;
				GCC_DYNAMIC_NO_PIC = NO;
				GCC_NO_COMMON_BLOCKS = YES;
				GCC_OPTIMIZATION_LEVEL = 0;
				GCC_PREPROCESSOR_DEFINITIONS = (
					"DEBUG=1",
					"$(inherited)",
				);
				GCC_WARN_64_TO_32_BIT_CONVERSION = YES;
				GCC_WARN_ABOUT_RETURN_TYPE = YES_ERROR;
				GCC_WARN_UNDECLARED_SELECTOR = YES;
				GCC_WARN_UNINITIALIZED_AUTOS = YES_AGGRESSIVE;
				GCC_WARN_UNUSED_FUNCTION = YES;
				GCC_WARN_UNUSED_VARIABLE = YES;
				IPHONEOS_DEPLOYMENT_TARGET = 10.2;
				MTL_ENABLE_DEBUG_INFO = YES;
				ONLY_ACTIVE_ARCH = YES;
				SDKROOT = iphoneos;
				SWIFT_ACTIVE_COMPILATION_CONDITIONS = DEBUG;
				SWIFT_OPTIMIZATION_LEVEL = "-Onone";
			};
			name = Debug;
		};
		81B2FB311EE82AF100489523 /* Release */ = {
			isa = XCBuildConfiguration;
			buildSettings = {
				ALWAYS_SEARCH_USER_PATHS = NO;
				CLANG_ANALYZER_NONNULL = YES;
				CLANG_CXX_LANGUAGE_STANDARD = "gnu++0x";
				CLANG_CXX_LIBRARY = "libc++";
				CLANG_ENABLE_MODULES = YES;
				CLANG_ENABLE_OBJC_ARC = YES;
				CLANG_WARN_BOOL_CONVERSION = YES;
				CLANG_WARN_CONSTANT_CONVERSION = YES;
				CLANG_WARN_DIRECT_OBJC_ISA_USAGE = YES_ERROR;
				CLANG_WARN_DOCUMENTATION_COMMENTS = YES;
				CLANG_WARN_EMPTY_BODY = YES;
				CLANG_WARN_ENUM_CONVERSION = YES;
				CLANG_WARN_INFINITE_RECURSION = YES;
				CLANG_WARN_INT_CONVERSION = YES;
				CLANG_WARN_OBJC_ROOT_CLASS = YES_ERROR;
				CLANG_WARN_SUSPICIOUS_MOVE = YES;
				CLANG_WARN_UNREACHABLE_CODE = YES;
				CLANG_WARN__DUPLICATE_METHOD_MATCH = YES;
				"CODE_SIGN_IDENTITY[sdk=iphoneos*]" = "iPhone Developer";
				COPY_PHASE_STRIP = NO;
				DEBUG_INFORMATION_FORMAT = "dwarf-with-dsym";
				ENABLE_NS_ASSERTIONS = NO;
				ENABLE_STRICT_OBJC_MSGSEND = YES;
				GCC_C_LANGUAGE_STANDARD = gnu99;
				GCC_NO_COMMON_BLOCKS = YES;
				GCC_WARN_64_TO_32_BIT_CONVERSION = YES;
				GCC_WARN_ABOUT_RETURN_TYPE = YES_ERROR;
				GCC_WARN_UNDECLARED_SELECTOR = YES;
				GCC_WARN_UNINITIALIZED_AUTOS = YES_AGGRESSIVE;
				GCC_WARN_UNUSED_FUNCTION = YES;
				GCC_WARN_UNUSED_VARIABLE = YES;
				IPHONEOS_DEPLOYMENT_TARGET = 10.2;
				MTL_ENABLE_DEBUG_INFO = NO;
				SDKROOT = iphoneos;
				SWIFT_OPTIMIZATION_LEVEL = "-Owholemodule";
				VALIDATE_PRODUCT = YES;
			};
			name = Release;
		};
		81B2FB331EE82AF100489523 /* Debug */ = {
			isa = XCBuildConfiguration;
			baseConfigurationReference = 0BA63DCBA0C535E440534462 /* Pods-abc.debug.xcconfig */;
			buildSettings = {
				ASSETCATALOG_COMPILER_APPICON_NAME = AppIcon;
				INFOPLIST_FILE = abc/Info.plist;
				LD_RUNPATH_SEARCH_PATHS = "$(inherited) @executable_path/Frameworks";
				PRODUCT_BUNDLE_IDENTIFIER = pcschool.com.abc;
				PRODUCT_NAME = "$(TARGET_NAME)";
				SWIFT_VERSION = 3.0;
			};
			name = Debug;
		};
		81B2FB341EE82AF100489523 /* Release */ = {
			isa = XCBuildConfiguration;
			baseConfigurationReference = 4676097AAC731A11A40C5F77 /* Pods-abc.release.xcconfig */;
			buildSettings = {
				ASSETCATALOG_COMPILER_APPICON_NAME = AppIcon;
				INFOPLIST_FILE = abc/Info.plist;
				LD_RUNPATH_SEARCH_PATHS = "$(inherited) @executable_path/Frameworks";
				PRODUCT_BUNDLE_IDENTIFIER = pcschool.com.abc;
				PRODUCT_NAME = "$(TARGET_NAME)";
				SWIFT_VERSION = 3.0;
			};
			name = Release;
		};
/* End XCBuildConfiguration section */

/* Begin XCConfigurationList section */
		81B2FB1B1EE82AF100489523 /* Build configuration list for PBXProject "abc" */ = {
			isa = XCConfigurationList;
			buildConfigurations = (
				81B2FB301EE82AF100489523 /* Debug */,
				81B2FB311EE82AF100489523 /* Release */,
			);
			defaultConfigurationIsVisible = 0;
			defaultConfigurationName = Release;
		};
		81B2FB321EE82AF100489523 /* Build configuration list for PBXNativeTarget "abc" */ = {
			isa = XCConfigurationList;
			buildConfigurations = (
				81B2FB331EE82AF100489523 /* Debug */,
				81B2FB341EE82AF100489523 /* Release */,
			);
			defaultConfigurationIsVisible = 0;
			defaultConfigurationName = Release;
		};
/* End XCConfigurationList section */
	};
	rootObject = 81B2FB181EE82AF100489523 /* Project object */;
}
